
Microsoft Visual Studio Solution File, Format Version 12.00
# Visual Studio 15
VisualStudioVersion = 15.0.27130.2036
MinimumVisualStudioVersion = 10.0.40219.1
Project("{FAE04EC0-301F-11D3-BF4B-00C04F79EFBC}") = "StudyCSharp", "StudyCSharp\StudyCSharp.csproj", "{77B7F752-AA44-474E-996F-88424070F11E}"
EndProject
Global
	GlobalSection(SolutionConfigurationPlatforms) = preSolution
		Debug|Any CPU = Debug|Any CPU
		Release|Any CPU = Release|Any CPU
	EndGlobalSection
	GlobalSection(ProjectConfigurationPlatforms) = postSolution
		{77B7F752-AA44-474E-996F-88424070F11E}.Debug|Any CPU.ActiveCfg = Debug|Any CPU
		{77B7F752-AA44-474E-996F-88424070F11E}.Debug|Any CPU.Build.0 = Debug|Any CPU
		{77B7F752-AA44-474E-996F-88424070F11E}.Release|Any CPU.ActiveCfg = Release|Any CPU
		{77B7F752-AA44-474E-996F-88424070F11E}.Release|Any CPU.Build.0 = Release|Any CPU
	EndGlobalSection
	GlobalSection(SolutionProperties) = preSolution
		HideSolutionNode = FALSE
	EndGlobalSection
	GlobalSection(ExtensibilityGlobals) = postSolution
		SolutionGuid = {331DBFB0-FA35-4902-908D-154445EBD9D8}
	EndGlobalSection
EndGlobal
